
Microsoft Visual Studio Solution File, Format Version 12.00
Project("{FAE04EC0-301F-11D3-BF4B-00C04F79EFBC}") = "CSharpOOP", "CSharpOOP\CSharpOOP.csproj", "{24D3E0D7-8E65-48D5-9F99-CAF5D9CA0C25}"
EndProject
Project("{FAE04EC0-301F-11D3-BF4B-00C04F79EFBC}") = "DanPercic", "DanPercic\DanPercic.csproj", "{312891DC-17A9-4AB3-B704-AC5D81EEF6C7}"
EndProject
Project("{FAE04EC0-301F-11D3-BF4B-00C04F79EFBC}") = "BregaStanislav", "BregaStanislav\BregaStanislav.csproj", "{B1079B45-ADA0-4F70-AEA5-9019995DEDFE}"
EndProject
Project("{FAE04EC0-301F-11D3-BF4B-00C04F79EFBC}") = "BaciuAlex", "BaciuAlex\BaciuAlex.csproj", "{F1C0F60E-2E45-4C1A-9598-D4DAE5E35259}"
EndProject
Global
	GlobalSection(SolutionConfigurationPlatforms) = preSolution
		Debug|Any CPU = Debug|Any CPU
		Release|Any CPU = Release|Any CPU
	EndGlobalSection
	GlobalSection(ProjectConfigurationPlatforms) = postSolution
		{24D3E0D7-8E65-48D5-9F99-CAF5D9CA0C25}.Debug|Any CPU.ActiveCfg = Debug|Any CPU
		{24D3E0D7-8E65-48D5-9F99-CAF5D9CA0C25}.Debug|Any CPU.Build.0 = Debug|Any CPU
		{24D3E0D7-8E65-48D5-9F99-CAF5D9CA0C25}.Release|Any CPU.ActiveCfg = Release|Any CPU
		{24D3E0D7-8E65-48D5-9F99-CAF5D9CA0C25}.Release|Any CPU.Build.0 = Release|Any CPU
		{312891DC-17A9-4AB3-B704-AC5D81EEF6C7}.Debug|Any CPU.ActiveCfg = Debug|Any CPU
		{312891DC-17A9-4AB3-B704-AC5D81EEF6C7}.Debug|Any CPU.Build.0 = Debug|Any CPU
		{312891DC-17A9-4AB3-B704-AC5D81EEF6C7}.Release|Any CPU.ActiveCfg = Release|Any CPU
		{312891DC-17A9-4AB3-B704-AC5D81EEF6C7}.Release|Any CPU.Build.0 = Release|Any CPU
		{B1079B45-ADA0-4F70-AEA5-9019995DEDFE}.Debug|Any CPU.ActiveCfg = Debug|Any CPU
		{B1079B45-ADA0-4F70-AEA5-9019995DEDFE}.Debug|Any CPU.Build.0 = Debug|Any CPU
		{B1079B45-ADA0-4F70-AEA5-9019995DEDFE}.Release|Any CPU.ActiveCfg = Release|Any CPU
		{B1079B45-ADA0-4F70-AEA5-9019995DEDFE}.Release|Any CPU.Build.0 = Release|Any CPU
		{F1C0F60E-2E45-4C1A-9598-D4DAE5E35259}.Debug|Any CPU.ActiveCfg = Debug|Any CPU
		{F1C0F60E-2E45-4C1A-9598-D4DAE5E35259}.Debug|Any CPU.Build.0 = Debug|Any CPU
		{F1C0F60E-2E45-4C1A-9598-D4DAE5E35259}.Release|Any CPU.ActiveCfg = Release|Any CPU
		{F1C0F60E-2E45-4C1A-9598-D4DAE5E35259}.Release|Any CPU.Build.0 = Release|Any CPU
	EndGlobalSection
EndGlobal
